
Microsoft Visual Studio Solution File, Format Version 12.00
Project("{2150E333-8FDC-42A3-9474-1A3956D46DE8}") = "src", "src", "{3F879033-E768-4E35-B164-059FDA6AC37B}"
EndProject
Project("{2150E333-8FDC-42A3-9474-1A3956D46DE8}") = "tests", "tests", "{E4FD4B99-D77C-4552-BDC1-DD9C532931B0}"
EndProject
Project("{2150E333-8FDC-42A3-9474-1A3956D46DE8}") = "API", "API", "{C5668DA8-403A-40F6-A1DB-3EBA87A0BBA7}"
EndProject
Project("{2150E333-8FDC-42A3-9474-1A3956D46DE8}") = "Core", "Core", "{F2082CC1-845D-4E14-9FA5-25D3C642B132}"
EndProject
Project("{2150E333-8FDC-42A3-9474-1A3956D46DE8}") = "Infrastructure", "Infrastructure", "{D4D264F1-A4D3-463C-8107-378F0C68ED11}"
EndProject
Project("{2150E333-8FDC-42A3-9474-1A3956D46DE8}") = "UI", "UI", "{1311FFE2-F40D-48A3-95C7-AE25F97CD8B3}"
EndProject
Project("{FAE04EC0-301F-11D3-BF4B-00C04F79EFBC}") = "TicketManagement.Domain", "TicketManagement.Domain\TicketManagement.Domain.csproj", "{9C053423-F830-4031-BCC8-E6F3E9B0E045}"
EndProject
Project("{FAE04EC0-301F-11D3-BF4B-00C04F79EFBC}") = "TicketManagement.Application", "TicketManagement.Application\TicketManagement.Application.csproj", "{67569C9B-5D6A-4808-801F-33491A519981}"
EndProject
Project("{FAE04EC0-301F-11D3-BF4B-00C04F79EFBC}") = "TicketManagement.Persistence", "TicketManagement.Persistence\TicketManagement.Persistence.csproj", "{CDE04DE1-37DA-4E0C-89F2-0D77DD01A097}"
EndProject
Global
	GlobalSection(SolutionConfigurationPlatforms) = preSolution
		Debug|Any CPU = Debug|Any CPU
		Release|Any CPU = Release|Any CPU
	EndGlobalSection
	GlobalSection(NestedProjects) = preSolution
		{C5668DA8-403A-40F6-A1DB-3EBA87A0BBA7} = {3F879033-E768-4E35-B164-059FDA6AC37B}
		{F2082CC1-845D-4E14-9FA5-25D3C642B132} = {3F879033-E768-4E35-B164-059FDA6AC37B}
		{D4D264F1-A4D3-463C-8107-378F0C68ED11} = {3F879033-E768-4E35-B164-059FDA6AC37B}
		{1311FFE2-F40D-48A3-95C7-AE25F97CD8B3} = {3F879033-E768-4E35-B164-059FDA6AC37B}
		{9C053423-F830-4031-BCC8-E6F3E9B0E045} = {F2082CC1-845D-4E14-9FA5-25D3C642B132}
		{67569C9B-5D6A-4808-801F-33491A519981} = {F2082CC1-845D-4E14-9FA5-25D3C642B132}
		{CDE04DE1-37DA-4E0C-89F2-0D77DD01A097} = {D4D264F1-A4D3-463C-8107-378F0C68ED11}
	EndGlobalSection
	GlobalSection(ProjectConfigurationPlatforms) = postSolution
		{9C053423-F830-4031-BCC8-E6F3E9B0E045}.Debug|Any CPU.ActiveCfg = Debug|Any CPU
		{9C053423-F830-4031-BCC8-E6F3E9B0E045}.Debug|Any CPU.Build.0 = Debug|Any CPU
		{9C053423-F830-4031-BCC8-E6F3E9B0E045}.Release|Any CPU.ActiveCfg = Release|Any CPU
		{9C053423-F830-4031-BCC8-E6F3E9B0E045}.Release|Any CPU.Build.0 = Release|Any CPU
		{67569C9B-5D6A-4808-801F-33491A519981}.Debug|Any CPU.ActiveCfg = Debug|Any CPU
		{67569C9B-5D6A-4808-801F-33491A519981}.Debug|Any CPU.Build.0 = Debug|Any CPU
		{67569C9B-5D6A-4808-801F-33491A519981}.Release|Any CPU.ActiveCfg = Release|Any CPU
		{67569C9B-5D6A-4808-801F-33491A519981}.Release|Any CPU.Build.0 = Release|Any CPU
		{CDE04DE1-37DA-4E0C-89F2-0D77DD01A097}.Debug|Any CPU.ActiveCfg = Debug|Any CPU
		{CDE04DE1-37DA-4E0C-89F2-0D77DD01A097}.Debug|Any CPU.Build.0 = Debug|Any CPU
		{CDE04DE1-37DA-4E0C-89F2-0D77DD01A097}.Release|Any CPU.ActiveCfg = Release|Any CPU
		{CDE04DE1-37DA-4E0C-89F2-0D77DD01A097}.Release|Any CPU.Build.0 = Release|Any CPU
	EndGlobalSection
EndGlobal
